[[package]]
name = "certifi"
version = "2022.9.24"
description = "Python package for providing Mozilla's CA Bundle."
category = "main"
optional = false
python-versions = ">=3.6"

[[package]]
name = "charset-normalizer"
version = "2.1.1"
description = "The Real First Universal Charset Detector. Open, modern and actively maintained alternative to Chardet."
category = "main"
optional = false
python-versions = ">=3.6.0"

[package.extras]
unicode-backport = ["unicodedata2"]

[[package]]
name = "colorama"
version = "0.4.5"
description = "Cross-platform colored terminal text."
category = "main"
optional = false
python-versions = ">=2.7, !=3.0.*, !=3.1.*, !=3.2.*, !=3.3.*, !=3.4.*"

[[package]]
name = "fugashi"
version = "1.2.0"
description = "A Cython MeCab wrapper for fast, pythonic Japanese tokenization."
category = "main"
optional = false
python-versions = ">=3.7"

[package.dependencies]
unidic = {version = "*", optional = true, markers = "extra == \"unidic\""}

[package.extras]
unidic = ["unidic"]
unidic-lite = ["unidic-lite"]

[[package]]
name = "idna"
version = "3.4"
description = "Internationalized Domain Names in Applications (IDNA)"
category = "main"
optional = false
python-versions = ">=3.5"

[[package]]
name = "plac"
version = "1.3.5"
description = "The smartest command line arguments parser in the world"
category = "main"
optional = false
python-versions = "*"

[[package]]
name = "requests"
version = "2.28.1"
description = "Python HTTP for Humans."
category = "main"
optional = false
python-versions = ">=3.7, <4"

[package.dependencies]
certifi = ">=2017.4.17"
charset-normalizer = ">=2,<3"
idna = ">=2.5,<4"
urllib3 = ">=1.21.1,<1.27"

[package.extras]
socks = ["PySocks (>=1.5.6,!=1.5.7)"]
use-chardet-on-py3 = ["chardet (>=3.0.2,<6)"]

[[package]]
name = "tqdm"
version = "4.64.1"
description = "Fast, Extensible Progress Meter"
category = "main"
optional = false
python-versions = "!=3.0.*,!=3.1.*,!=3.2.*,!=3.3.*,>=2.7"

[package.dependencies]
colorama = {version = "*", markers = "platform_system == \"Windows\""}

[package.extras]
dev = ["py-make (>=0.1.0)", "twine", "wheel"]
notebook = ["ipywidgets (>=6)"]
slack = ["slack-sdk"]
telegram = ["requests"]

[[package]]
name = "unidic"
version = "1.1.0"
description = "UniDic packaged for Python"
category = "main"
optional = false
python-versions = ">=3.5"

[package.dependencies]
plac = ">=1.1.3,<2.0.0"
requests = ">=2.22.0,<3.0.0"
tqdm = ">=4.41.1,<5.0.0"
wasabi = ">=0.6.0,<1.0.0"

[[package]]
name = "urllib3"
version = "1.26.12"
description = "HTTP library with thread-safe connection pooling, file post, and more."
category = "main"
optional = false
python-versions = ">=2.7, !=3.0.*, !=3.1.*, !=3.2.*, !=3.3.*, !=3.4.*, !=3.5.*, <4"

[package.extras]
brotli = ["brotli (>=1.0.9)", "brotlicffi (>=0.8.0)", "brotlipy (>=0.6.0)"]
secure = ["certifi", "cryptography (>=1.3.4)", "idna (>=2.0.0)", "ipaddress", "pyOpenSSL (>=0.14)", "urllib3-secure-extra"]
socks = ["PySocks (>=1.5.6,!=1.5.7,<2.0)"]

[[package]]
name = "wasabi"
version = "0.10.1"
description = "A lightweight console printing and formatting toolkit"
category = "main"
optional = false
python-versions = "*"

[metadata]
lock-version = "1.1"
python-versions = "^3.8"
content-hash = "26da784f9084dfa4085aaa9775ba720e079bd96f465fce88fdd0138931569410"

[metadata.files]
certifi = [
    {file = "certifi-2022.9.24-py3-none-any.whl", hash = "sha256:90c1a32f1d68f940488354e36370f6cca89f0f106db09518524c88d6ed83f382"},
    {file = "certifi-2022.9.24.tar.gz", hash = "sha256:0d9c601124e5a6ba9712dbc60d9c53c21e34f5f641fe83002317394311bdce14"},
]
charset-normalizer = [
    {file = "charset-normalizer-2.1.1.tar.gz", hash = "sha256:5a3d016c7c547f69d6f81fb0db9449ce888b418b5b9952cc5e6e66843e9dd845"},
    {file = "charset_normalizer-2.1.1-py3-none-any.whl", hash = "sha256:83e9a75d1911279afd89352c68b45348559d1fc0506b054b346651b5e7fee29f"},
]
colorama = [
    {file = "colorama-0.4.5-py2.py3-none-any.whl", hash = "sha256:854bf444933e37f5824ae7bfc1e98d5bce2ebe4160d46b5edf346a89358e99da"},
    {file = "colorama-0.4.5.tar.gz", hash = "sha256:e6c6b4334fc50988a639d9b98aa429a0b57da6e17b9a44f0451f930b6967b7a4"},
]
fugashi = [
    {file = "fugashi-1.2.0-cp310-cp310-macosx_10_9_x86_64.whl", hash = "sha256:38852a40a3d6c8afaa047fe59db11473dbc68aa42c9d75aecb9e38649d6c6522"},
    {file = "fugashi-1.2.0-cp310-cp310-manylinux_2_17_aarch64.manylinux2014_aarch64.whl", hash = "sha256:82b32d4a6eeedee7c32076877f54664b583873d39edc42fd8002ec8c7278862a"},
    {file = "fugashi-1.2.0-cp310-cp310-manylinux_2_17_x86_64.manylinux2014_x86_64.whl", hash = "sha256:b9eb4106eb74aab3aa84f91ac80e293cc2c5f6ec7449700737e8c0afb78bc888"},
    {file = "fugashi-1.2.0-cp310-cp310-win_amd64.whl", hash = "sha256:93dcfb812652d1a44a7317cb7debd56d65d41a021c1d910d1b6f2409da599ccc"},
    {file = "fugashi-1.2.0-cp37-cp37m-macosx_10_9_x86_64.whl", hash = "sha256:c02aa08bfa9f794ffe99d8e5b466850143535a226edf0cd28159b305e7e8967c"},
    {file = "fugashi-1.2.0-cp37-cp37m-manylinux_2_17_aarch64.manylinux2014_aarch64.whl", hash = "sha256:5e0ab05c2404ab336e340c3910213ad410b71523dc1cf1efaab53655ca828da5"},
    {file = "fugashi-1.2.0-cp37-cp37m-manylinux_2_17_x86_64.manylinux2014_x86_64.whl", hash = "sha256:09325e53526da127f3e6aaa692adc2aa5311806dde46599aadae0e4350c4e40f"},
    {file = "fugashi-1.2.0-cp37-cp37m-win_amd64.whl", hash = "sha256:3e0a99197a57127be1d309c0d613ef7d6fad68015a11ddd8f74144190e6ba8bc"},
    {file = "fugashi-1.2.0-cp38-cp38-macosx_10_9_x86_64.whl", hash = "sha256:1ae9366ff79d8dce88d85c08844a40e7ed679c4508bab048a0beed0d89c79bef"},
    {file = "fugashi-1.2.0-cp38-cp38-manylinux_2_17_aarch64.manylinux2014_aarch64.whl", hash = "sha256:c8d14514466ef7ff89984f73174427b1207c230f628b453eb16281434f5c1791"},
    {file = "fugashi-1.2.0-cp38-cp38-manylinux_2_17_x86_64.manylinux2014_x86_64.whl", hash = "sha256:b909aea97f9158df038624e7d7416811425304adc29898aa75b3b8c11ec56773"},
    {file = "fugashi-1.2.0-cp38-cp38-win_amd64.whl", hash = "sha256:d08997693c2df3b848dfead04e04a70c98232637bc76a6230c5c73834c652741"},
    {file = "fugashi-1.2.0-cp39-cp39-macosx_10_9_x86_64.whl", hash = "sha256:7235cfcae91f7fe7a25abcd5fbbb106b6d1ea93c3f0be6ee3ab2673779115293"},
    {file = "fugashi-1.2.0-cp39-cp39-manylinux_2_17_aarch64.manylinux2014_aarch64.whl", hash = "sha256:079f5316298db69394c46390feeacfc88972ea9082e5995ce28a63cc4e6da974"},
    {file = "fugashi-1.2.0-cp39-cp39-manylinux_2_17_x86_64.manylinux2014_x86_64.whl", hash = "sha256:eff90b7cc76f33d8afebb4aa96cb049971d068da7079ee18fec2f54267d23973"},
    {file = "fugashi-1.2.0-cp39-cp39-win_amd64.whl", hash = "sha256:e3ac14292ce4ccaef76666b81eab00ac029b8b4c1bbc27690454684210ef16a1"},
    {file = "fugashi-1.2.0-pp37-pypy37_pp73-macosx_10_9_x86_64.whl", hash = "sha256:d50176a0947fc7754772aade0ddde8b56583c06100c0aa2e95e7131702ad2c76"},
    {file = "fugashi-1.2.0-pp38-pypy38_pp73-macosx_10_9_x86_64.whl", hash = "sha256:fa97c4f763e4e02a1fd4e74558c530efc89e0c960293d9b01aa500dec74274e2"},
    {file = "fugashi-1.2.0.tar.gz", hash = "sha256:032ced442f3e5988c086d4544f133187802071d8d7d7c62756e4d27cef0b169f"},
]
idna = [
    {file = "idna-3.4-py3-none-any.whl", hash = "sha256:90b77e79eaa3eba6de819a0c442c0b4ceefc341a7a2ab77d7562bf49f425c5c2"},
    {file = "idna-3.4.tar.gz", hash = "sha256:814f528e8dead7d329833b91c5faa87d60bf71824cd12a7530b5526063d02cb4"},
]
plac = [
    {file = "plac-1.3.5-py2.py3-none-any.whl", hash = "sha256:a8933d21a40fe2cec177a2f96217425a4e889d275aa3e25ecf9a9640ab16d416"},
    {file = "plac-1.3.5.tar.gz", hash = "sha256:38bdd864d0450fb748193aa817b9c458a8f5319fbf97b2261151cfc0a5812090"},
]
requests = [
    {file = "requests-2.28.1-py3-none-any.whl", hash = "sha256:8fefa2a1a1365bf5520aac41836fbee479da67864514bdb821f31ce07ce65349"},
    {file = "requests-2.28.1.tar.gz", hash = "sha256:7c5599b102feddaa661c826c56ab4fee28bfd17f5abca1ebbe3e7f19d7c97983"},
]
tqdm = [
    {file = "tqdm-4.64.1-py2.py3-none-any.whl", hash = "sha256:6fee160d6ffcd1b1c68c65f14c829c22832bc401726335ce92c52d395944a6a1"},
    {file = "tqdm-4.64.1.tar.gz", hash = "sha256:5f4f682a004951c1b450bc753c710e9280c5746ce6ffedee253ddbcbf54cf1e4"},
]
unidic = [
    {file = "unidic-1.1.0.tar.gz", hash = "sha256:0ab91c05de342c84d2a6314901fd3afb9061ecd7534dd4a0431dccbb87d921b7"},
]
urllib3 = [
    {file = "urllib3-1.26.12-py2.py3-none-any.whl", hash = "sha256:b930dd878d5a8afb066a637fbb35144fe7901e3b209d1cd4f524bd0e9deee997"},
    {file = "urllib3-1.26.12.tar.gz", hash = "sha256:3fa96cf423e6987997fc326ae8df396db2a8b7c667747d47ddd8ecba91f4a74e"},
]
wasabi = [
    {file = "wasabi-0.10.1-py3-none-any.whl", hash = "sha256:fe862cc24034fbc9f04717cd312ab884f71f51a8ecabebc3449b751c2a649d83"},
    {file = "wasabi-0.10.1.tar.gz", hash = "sha256:c8e372781be19272942382b14d99314d175518d7822057cb7a97010c4259d249"},
]
